
Microsoft Visual Studio Solution File, Format Version 12.00
# Visual Studio 15
VisualStudioVersion = 15.0.28010.2048
MinimumVisualStudioVersion = 10.0.40219.1
Project("{2150E333-8FDC-42A3-9474-1A3956D46DE8}") = "src", "src", "{D10C6C92-628C-4ED1-A9F5-BFCA43DAA14E}"
EndProject
Project("{FAE04EC0-301F-11D3-BF4B-00C04F79EFBC}") = "Xamfire.Android", "src\Xamfire.Android\Xamfire.Android.csproj", "{DF400D49-8A87-4FCF-8EA8-D6DA0F32F757}"
EndProject
Project("{2150E333-8FDC-42A3-9474-1A3956D46DE8}") = "tests", "tests", "{FFA452FD-98C0-4D31-8F18-96AEBF9CBB1A}"
EndProject
Project("{2150E333-8FDC-42A3-9474-1A3956D46DE8}") = "mobile", "mobile", "{BD65FF1E-B18C-45DA-B4CD-6C7D0210FF0D}"
EndProject
Project("{9A19103F-16F7-4668-BE54-9A1E7A4F7556}") = "Xamfire", "src\Xamfire\Xamfire.csproj", "{7FD8EC0F-B9E7-4457-81AB-0B55B0225A2C}"
EndProject
Project("{2150E333-8FDC-42A3-9474-1A3956D46DE8}") = "integration", "integration", "{24D61769-F8EE-4DE5-BADE-0C13C1DF4381}"
EndProject
Project("{9A19103F-16F7-4668-BE54-9A1E7A4F7556}") = "Xamfire.Tests.Integration", "tests\integration\Xamfire.Tests.Integration.csproj", "{1C79C39E-0899-4CFC-B57D-8643C95FBFD8}"
EndProject
Project("{9A19103F-16F7-4668-BE54-9A1E7A4F7556}") = "Xamfire.Tests.Mobile", "tests\mobile\Xamfire.Tests.Mobile\Xamfire.Tests.Mobile.csproj", "{EC2CC403-21C0-4F7C-BCF0-9C6F6CB6BBEB}"
EndProject
Project("{FAE04EC0-301F-11D3-BF4B-00C04F79EFBC}") = "Xamfire.Tests.Mobile.Android", "tests\mobile\Xamfire.Tests.Mobile.Android\Xamfire.Tests.Mobile.Android.csproj", "{5BE67487-0026-4ED6-91D1-EAD9D290779A}"
EndProject
Project("{FAE04EC0-301F-11D3-BF4B-00C04F79EFBC}") = "Xamfire.Tests.Mobile.iOS", "tests\mobile\Xamfire.Tests.Mobile.iOS\Xamfire.Tests.Mobile.iOS.csproj", "{ABFC417F-4732-4125-A7E2-B18A38626980}"
EndProject
Project("{FAE04EC0-301F-11D3-BF4B-00C04F79EFBC}") = "Xamfire.Tests.Mobile.UWP", "tests\mobile\Xamfire.Tests.Mobile.UWP\Xamfire.Tests.Mobile.UWP.csproj", "{09E41EB2-971C-46F7-A03A-B5724FE0B29D}"
EndProject
Global
	GlobalSection(SolutionConfigurationPlatforms) = preSolution
		Ad-Hoc|Any CPU = Ad-Hoc|Any CPU
		Ad-Hoc|ARM = Ad-Hoc|ARM
		Ad-Hoc|iPhone = Ad-Hoc|iPhone
		Ad-Hoc|iPhoneSimulator = Ad-Hoc|iPhoneSimulator
		Ad-Hoc|x64 = Ad-Hoc|x64
		Ad-Hoc|x86 = Ad-Hoc|x86
		AppStore|Any CPU = AppStore|Any CPU
		AppStore|ARM = AppStore|ARM
		AppStore|iPhone = AppStore|iPhone
		AppStore|iPhoneSimulator = AppStore|iPhoneSimulator
		AppStore|x64 = AppStore|x64
		AppStore|x86 = AppStore|x86
		Debug|Any CPU = Debug|Any CPU
		Debug|ARM = Debug|ARM
		Debug|iPhone = Debug|iPhone
		Debug|iPhoneSimulator = Debug|iPhoneSimulator
		Debug|x64 = Debug|x64
		Debug|x86 = Debug|x86
		Release|Any CPU = Release|Any CPU
		Release|ARM = Release|ARM
		Release|iPhone = Release|iPhone
		Release|iPhoneSimulator = Release|iPhoneSimulator
		Release|x64 = Release|x64
		Release|x86 = Release|x86
	EndGlobalSection
	GlobalSection(ProjectConfigurationPlatforms) = postSolution
		{DF400D49-8A87-4FCF-8EA8-D6DA0F32F757}.Ad-Hoc|Any CPU.ActiveCfg = Release|Any CPU
		{DF400D49-8A87-4FCF-8EA8-D6DA0F32F757}.Ad-Hoc|Any CPU.Build.0 = Release|Any CPU
		{DF400D49-8A87-4FCF-8EA8-D6DA0F32F757}.Ad-Hoc|ARM.ActiveCfg = Release|Any CPU
		{DF400D49-8A87-4FCF-8EA8-D6DA0F32F757}.Ad-Hoc|ARM.Build.0 = Release|Any CPU
		{DF400D49-8A87-4FCF-8EA8-D6DA0F32F757}.Ad-Hoc|iPhone.ActiveCfg = Release|Any CPU
		{DF400D49-8A87-4FCF-8EA8-D6DA0F32F757}.Ad-Hoc|iPhone.Build.0 = Release|Any CPU
		{DF400D49-8A87-4FCF-8EA8-D6DA0F32F757}.Ad-Hoc|iPhoneSimulator.ActiveCfg = Release|Any CPU
		{DF400D49-8A87-4FCF-8EA8-D6DA0F32F757}.Ad-Hoc|iPhoneSimulator.Build.0 = Release|Any CPU
		{DF400D49-8A87-4FCF-8EA8-D6DA0F32F757}.Ad-Hoc|x64.ActiveCfg = Release|Any CPU
		{DF400D49-8A87-4FCF-8EA8-D6DA0F32F757}.Ad-Hoc|x64.Build.0 = Release|Any CPU
		{DF400D49-8A87-4FCF-8EA8-D6DA0F32F757}.Ad-Hoc|x86.ActiveCfg = Release|Any CPU
		{DF400D49-8A87-4FCF-8EA8-D6DA0F32F757}.Ad-Hoc|x86.Build.0 = Release|Any CPU
		{DF400D49-8A87-4FCF-8EA8-D6DA0F32F757}.AppStore|Any CPU.ActiveCfg = Release|Any CPU
		{DF400D49-8A87-4FCF-8EA8-D6DA0F32F757}.AppStore|Any CPU.Build.0 = Release|Any CPU
		{DF400D49-8A87-4FCF-8EA8-D6DA0F32F757}.AppStore|ARM.ActiveCfg = Release|Any CPU
		{DF400D49-8A87-4FCF-8EA8-D6DA0F32F757}.AppStore|ARM.Build.0 = Release|Any CPU
		{DF400D49-8A87-4FCF-8EA8-D6DA0F32F757}.AppStore|iPhone.ActiveCfg = Release|Any CPU
		{DF400D49-8A87-4FCF-8EA8-D6DA0F32F757}.AppStore|iPhone.Build.0 = Release|Any CPU
		{DF400D49-8A87-4FCF-8EA8-D6DA0F32F757}.AppStore|iPhoneSimulator.ActiveCfg = Release|Any CPU
		{DF400D49-8A87-4FCF-8EA8-D6DA0F32F757}.AppStore|iPhoneSimulator.Build.0 = Release|Any CPU
		{DF400D49-8A87-4FCF-8EA8-D6DA0F32F757}.AppStore|x64.ActiveCfg = Release|Any CPU
		{DF400D49-8A87-4FCF-8EA8-D6DA0F32F757}.AppStore|x64.Build.0 = Release|Any CPU
		{DF400D49-8A87-4FCF-8EA8-D6DA0F32F757}.AppStore|x86.ActiveCfg = Release|Any CPU
		{DF400D49-8A87-4FCF-8EA8-D6DA0F32F757}.AppStore|x86.Build.0 = Release|Any CPU
		{DF400D49-8A87-4FCF-8EA8-D6DA0F32F757}.Debug|Any CPU.ActiveCfg = Debug|Any CPU
		{DF400D49-8A87-4FCF-8EA8-D6DA0F32F757}.Debug|Any CPU.Build.0 = Debug|Any CPU
		{DF400D49-8A87-4FCF-8EA8-D6DA0F32F757}.Debug|ARM.ActiveCfg = Debug|Any CPU
		{DF400D49-8A87-4FCF-8EA8-D6DA0F32F757}.Debug|ARM.Build.0 = Debug|Any CPU
		{DF400D49-8A87-4FCF-8EA8-D6DA0F32F757}.Debug|iPhone.ActiveCfg = Debug|Any CPU
		{DF400D49-8A87-4FCF-8EA8-D6DA0F32F757}.Debug|iPhone.Build.0 = Debug|Any CPU
		{DF400D49-8A87-4FCF-8EA8-D6DA0F32F757}.Debug|iPhoneSimulator.ActiveCfg = Debug|Any CPU
		{DF400D49-8A87-4FCF-8EA8-D6DA0F32F757}.Debug|iPhoneSimulator.Build.0 = Debug|Any CPU
		{DF400D49-8A87-4FCF-8EA8-D6DA0F32F757}.Debug|x64.ActiveCfg = Debug|Any CPU
		{DF400D49-8A87-4FCF-8EA8-D6DA0F32F757}.Debug|x64.Build.0 = Debug|Any CPU
		{DF400D49-8A87-4FCF-8EA8-D6DA0F32F757}.Debug|x86.ActiveCfg = Debug|Any CPU
		{DF400D49-8A87-4FCF-8EA8-D6DA0F32F757}.Debug|x86.Build.0 = Debug|Any CPU
		{DF400D49-8A87-4FCF-8EA8-D6DA0F32F757}.Release|Any CPU.ActiveCfg = Release|Any CPU
		{DF400D49-8A87-4FCF-8EA8-D6DA0F32F757}.Release|Any CPU.Build.0 = Release|Any CPU
		{DF400D49-8A87-4FCF-8EA8-D6DA0F32F757}.Release|ARM.ActiveCfg = Release|Any CPU
		{DF400D49-8A87-4FCF-8EA8-D6DA0F32F757}.Release|ARM.Build.0 = Release|Any CPU
		{DF400D49-8A87-4FCF-8EA8-D6DA0F32F757}.Release|iPhone.ActiveCfg = Release|Any CPU
		{DF400D49-8A87-4FCF-8EA8-D6DA0F32F757}.Release|iPhone.Build.0 = Release|Any CPU
		{DF400D49-8A87-4FCF-8EA8-D6DA0F32F757}.Release|iPhoneSimulator.ActiveCfg = Release|Any CPU
		{DF400D49-8A87-4FCF-8EA8-D6DA0F32F757}.Release|iPhoneSimulator.Build.0 = Release|Any CPU
		{DF400D49-8A87-4FCF-8EA8-D6DA0F32F757}.Release|x64.ActiveCfg = Release|Any CPU
		{DF400D49-8A87-4FCF-8EA8-D6DA0F32F757}.Release|x64.Build.0 = Release|Any CPU
		{DF400D49-8A87-4FCF-8EA8-D6DA0F32F757}.Release|x86.ActiveCfg = Release|Any CPU
		{DF400D49-8A87-4FCF-8EA8-D6DA0F32F757}.Release|x86.Build.0 = Release|Any CPU
		{7FD8EC0F-B9E7-4457-81AB-0B55B0225A2C}.Ad-Hoc|Any CPU.ActiveCfg = Debug|Any CPU
		{7FD8EC0F-B9E7-4457-81AB-0B55B0225A2C}.Ad-Hoc|Any CPU.Build.0 = Debug|Any CPU
		{7FD8EC0F-B9E7-4457-81AB-0B55B0225A2C}.Ad-Hoc|ARM.ActiveCfg = Debug|Any CPU
		{7FD8EC0F-B9E7-4457-81AB-0B55B0225A2C}.Ad-Hoc|ARM.Build.0 = Debug|Any CPU
		{7FD8EC0F-B9E7-4457-81AB-0B55B0225A2C}.Ad-Hoc|iPhone.ActiveCfg = Debug|Any CPU
		{7FD8EC0F-B9E7-4457-81AB-0B55B0225A2C}.Ad-Hoc|iPhone.Build.0 = Debug|Any CPU
		{7FD8EC0F-B9E7-4457-81AB-0B55B0225A2C}.Ad-Hoc|iPhoneSimulator.ActiveCfg = Debug|Any CPU
		{7FD8EC0F-B9E7-4457-81AB-0B55B0225A2C}.Ad-Hoc|iPhoneSimulator.Build.0 = Debug|Any CPU
		{7FD8EC0F-B9E7-4457-81AB-0B55B0225A2C}.Ad-Hoc|x64.ActiveCfg = Debug|Any CPU
		{7FD8EC0F-B9E7-4457-81AB-0B55B0225A2C}.Ad-Hoc|x64.Build.0 = Debug|Any CPU
		{7FD8EC0F-B9E7-4457-81AB-0B55B0225A2C}.Ad-Hoc|x86.ActiveCfg = Debug|Any CPU
		{7FD8EC0F-B9E7-4457-81AB-0B55B0225A2C}.Ad-Hoc|x86.Build.0 = Debug|Any CPU
		{7FD8EC0F-B9E7-4457-81AB-0B55B0225A2C}.AppStore|Any CPU.ActiveCfg = Debug|Any CPU
		{7FD8EC0F-B9E7-4457-81AB-0B55B0225A2C}.AppStore|Any CPU.Build.0 = Debug|Any CPU
		{7FD8EC0F-B9E7-4457-81AB-0B55B0225A2C}.AppStore|ARM.ActiveCfg = Debug|Any CPU
		{7FD8EC0F-B9E7-4457-81AB-0B55B0225A2C}.AppStore|ARM.Build.0 = Debug|Any CPU
		{7FD8EC0F-B9E7-4457-81AB-0B55B0225A2C}.AppStore|iPhone.ActiveCfg = Debug|Any CPU
		{7FD8EC0F-B9E7-4457-81AB-0B55B0225A2C}.AppStore|iPhone.Build.0 = Debug|Any CPU
		{7FD8EC0F-B9E7-4457-81AB-0B55B0225A2C}.AppStore|iPhoneSimulator.ActiveCfg = Debug|Any CPU
		{7FD8EC0F-B9E7-4457-81AB-0B55B0225A2C}.AppStore|iPhoneSimulator.Build.0 = Debug|Any CPU
		{7FD8EC0F-B9E7-4457-81AB-0B55B0225A2C}.AppStore|x64.ActiveCfg = Debug|Any CPU
		{7FD8EC0F-B9E7-4457-81AB-0B55B0225A2C}.AppStore|x64.Build.0 = Debug|Any CPU
		{7FD8EC0F-B9E7-4457-81AB-0B55B0225A2C}.AppStore|x86.ActiveCfg = Debug|Any CPU
		{7FD8EC0F-B9E7-4457-81AB-0B55B0225A2C}.AppStore|x86.Build.0 = Debug|Any CPU
		{7FD8EC0F-B9E7-4457-81AB-0B55B0225A2C}.Debug|Any CPU.ActiveCfg = Debug|Any CPU
		{7FD8EC0F-B9E7-4457-81AB-0B55B0225A2C}.Debug|Any CPU.Build.0 = Debug|Any CPU
		{7FD8EC0F-B9E7-4457-81AB-0B55B0225A2C}.Debug|ARM.ActiveCfg = Debug|Any CPU
		{7FD8EC0F-B9E7-4457-81AB-0B55B0225A2C}.Debug|ARM.Build.0 = Debug|Any CPU
		{7FD8EC0F-B9E7-4457-81AB-0B55B0225A2C}.Debug|iPhone.ActiveCfg = Debug|Any CPU
		{7FD8EC0F-B9E7-4457-81AB-0B55B0225A2C}.Debug|iPhone.Build.0 = Debug|Any CPU
		{7FD8EC0F-B9E7-4457-81AB-0B55B0225A2C}.Debug|iPhoneSimulator.ActiveCfg = Debug|Any CPU
		{7FD8EC0F-B9E7-4457-81AB-0B55B0225A2C}.Debug|iPhoneSimulator.Build.0 = Debug|Any CPU
		{7FD8EC0F-B9E7-4457-81AB-0B55B0225A2C}.Debug|x64.ActiveCfg = Debug|Any CPU
		{7FD8EC0F-B9E7-4457-81AB-0B55B0225A2C}.Debug|x64.Build.0 = Debug|Any CPU
		{7FD8EC0F-B9E7-4457-81AB-0B55B0225A2C}.Debug|x86.ActiveCfg = Debug|Any CPU
		{7FD8EC0F-B9E7-4457-81AB-0B55B0225A2C}.Debug|x86.Build.0 = Debug|Any CPU
		{7FD8EC0F-B9E7-4457-81AB-0B55B0225A2C}.Release|Any CPU.ActiveCfg = Release|Any CPU
		{7FD8EC0F-B9E7-4457-81AB-0B55B0225A2C}.Release|Any CPU.Build.0 = Release|Any CPU
		{7FD8EC0F-B9E7-4457-81AB-0B55B0225A2C}.Release|ARM.ActiveCfg = Release|Any CPU
		{7FD8EC0F-B9E7-4457-81AB-0B55B0225A2C}.Release|ARM.Build.0 = Release|Any CPU
		{7FD8EC0F-B9E7-4457-81AB-0B55B0225A2C}.Release|iPhone.ActiveCfg = Release|Any CPU
		{7FD8EC0F-B9E7-4457-81AB-0B55B0225A2C}.Release|iPhone.Build.0 = Release|Any CPU
		{7FD8EC0F-B9E7-4457-81AB-0B55B0225A2C}.Release|iPhoneSimulator.ActiveCfg = Release|Any CPU
		{7FD8EC0F-B9E7-4457-81AB-0B55B0225A2C}.Release|iPhoneSimulator.Build.0 = Release|Any CPU
		{7FD8EC0F-B9E7-4457-81AB-0B55B0225A2C}.Release|x64.ActiveCfg = Release|Any CPU
		{7FD8EC0F-B9E7-4457-81AB-0B55B0225A2C}.Release|x64.Build.0 = Release|Any CPU
		{7FD8EC0F-B9E7-4457-81AB-0B55B0225A2C}.Release|x86.ActiveCfg = Release|Any CPU
		{7FD8EC0F-B9E7-4457-81AB-0B55B0225A2C}.Release|x86.Build.0 = Release|Any CPU
		{1C79C39E-0899-4CFC-B57D-8643C95FBFD8}.Ad-Hoc|Any CPU.ActiveCfg = Debug|Any CPU
		{1C79C39E-0899-4CFC-B57D-8643C95FBFD8}.Ad-Hoc|Any CPU.Build.0 = Debug|Any CPU
		{1C79C39E-0899-4CFC-B57D-8643C95FBFD8}.Ad-Hoc|ARM.ActiveCfg = Debug|Any CPU
		{1C79C39E-0899-4CFC-B57D-8643C95FBFD8}.Ad-Hoc|ARM.Build.0 = Debug|Any CPU
		{1C79C39E-0899-4CFC-B57D-8643C95FBFD8}.Ad-Hoc|iPhone.ActiveCfg = Debug|Any CPU
		{1C79C39E-0899-4CFC-B57D-8643C95FBFD8}.Ad-Hoc|iPhone.Build.0 = Debug|Any CPU
		{1C79C39E-0899-4CFC-B57D-8643C95FBFD8}.Ad-Hoc|iPhoneSimulator.ActiveCfg = Debug|Any CPU
		{1C79C39E-0899-4CFC-B57D-8643C95FBFD8}.Ad-Hoc|iPhoneSimulator.Build.0 = Debug|Any CPU
		{1C79C39E-0899-4CFC-B57D-8643C95FBFD8}.Ad-Hoc|x64.ActiveCfg = Debug|Any CPU
		{1C79C39E-0899-4CFC-B57D-8643C95FBFD8}.Ad-Hoc|x64.Build.0 = Debug|Any CPU
		{1C79C39E-0899-4CFC-B57D-8643C95FBFD8}.Ad-Hoc|x86.ActiveCfg = Debug|Any CPU
		{1C79C39E-0899-4CFC-B57D-8643C95FBFD8}.Ad-Hoc|x86.Build.0 = Debug|Any CPU
		{1C79C39E-0899-4CFC-B57D-8643C95FBFD8}.AppStore|Any CPU.ActiveCfg = Debug|Any CPU
		{1C79C39E-0899-4CFC-B57D-8643C95FBFD8}.AppStore|Any CPU.Build.0 = Debug|Any CPU
		{1C79C39E-0899-4CFC-B57D-8643C95FBFD8}.AppStore|ARM.ActiveCfg = Debug|Any CPU
		{1C79C39E-0899-4CFC-B57D-8643C95FBFD8}.AppStore|ARM.Build.0 = Debug|Any CPU
		{1C79C39E-0899-4CFC-B57D-8643C95FBFD8}.AppStore|iPhone.ActiveCfg = Debug|Any CPU
		{1C79C39E-0899-4CFC-B57D-8643C95FBFD8}.AppStore|iPhone.Build.0 = Debug|Any CPU
		{1C79C39E-0899-4CFC-B57D-8643C95FBFD8}.AppStore|iPhoneSimulator.ActiveCfg = Debug|Any CPU
		{1C79C39E-0899-4CFC-B57D-8643C95FBFD8}.AppStore|iPhoneSimulator.Build.0 = Debug|Any CPU
		{1C79C39E-0899-4CFC-B57D-8643C95FBFD8}.AppStore|x64.ActiveCfg = Debug|Any CPU
		{1C79C39E-0899-4CFC-B57D-8643C95FBFD8}.AppStore|x64.Build.0 = Debug|Any CPU
		{1C79C39E-0899-4CFC-B57D-8643C95FBFD8}.AppStore|x86.ActiveCfg = Debug|Any CPU
		{1C79C39E-0899-4CFC-B57D-8643C95FBFD8}.AppStore|x86.Build.0 = Debug|Any CPU
		{1C79C39E-0899-4CFC-B57D-8643C95FBFD8}.Debug|Any CPU.ActiveCfg = Debug|Any CPU
		{1C79C39E-0899-4CFC-B57D-8643C95FBFD8}.Debug|Any CPU.Build.0 = Debug|Any CPU
		{1C79C39E-0899-4CFC-B57D-8643C95FBFD8}.Debug|ARM.ActiveCfg = Debug|Any CPU
		{1C79C39E-0899-4CFC-B57D-8643C95FBFD8}.Debug|ARM.Build.0 = Debug|Any CPU
		{1C79C39E-0899-4CFC-B57D-8643C95FBFD8}.Debug|iPhone.ActiveCfg = Debug|Any CPU
		{1C79C39E-0899-4CFC-B57D-8643C95FBFD8}.Debug|iPhone.Build.0 = Debug|Any CPU
		{1C79C39E-0899-4CFC-B57D-8643C95FBFD8}.Debug|iPhoneSimulator.ActiveCfg = Debug|Any CPU
		{1C79C39E-0899-4CFC-B57D-8643C95FBFD8}.Debug|iPhoneSimulator.Build.0 = Debug|Any CPU
		{1C79C39E-0899-4CFC-B57D-8643C95FBFD8}.Debug|x64.ActiveCfg = Debug|Any CPU
		{1C79C39E-0899-4CFC-B57D-8643C95FBFD8}.Debug|x64.Build.0 = Debug|Any CPU
		{1C79C39E-0899-4CFC-B57D-8643C95FBFD8}.Debug|x86.ActiveCfg = Debug|Any CPU
		{1C79C39E-0899-4CFC-B57D-8643C95FBFD8}.Debug|x86.Build.0 = Debug|Any CPU
		{1C79C39E-0899-4CFC-B57D-8643C95FBFD8}.Release|Any CPU.ActiveCfg = Release|Any CPU
		{1C79C39E-0899-4CFC-B57D-8643C95FBFD8}.Release|Any CPU.Build.0 = Release|Any CPU
		{1C79C39E-0899-4CFC-B57D-8643C95FBFD8}.Release|ARM.ActiveCfg = Release|Any CPU
		{1C79C39E-0899-4CFC-B57D-8643C95FBFD8}.Release|ARM.Build.0 = Release|Any CPU
		{1C79C39E-0899-4CFC-B57D-8643C95FBFD8}.Release|iPhone.ActiveCfg = Release|Any CPU
		{1C79C39E-0899-4CFC-B57D-8643C95FBFD8}.Release|iPhone.Build.0 = Release|Any CPU
		{1C79C39E-0899-4CFC-B57D-8643C95FBFD8}.Release|iPhoneSimulator.ActiveCfg = Release|Any CPU
		{1C79C39E-0899-4CFC-B57D-8643C95FBFD8}.Release|iPhoneSimulator.Build.0 = Release|Any CPU
		{1C79C39E-0899-4CFC-B57D-8643C95FBFD8}.Release|x64.ActiveCfg = Release|Any CPU
		{1C79C39E-0899-4CFC-B57D-8643C95FBFD8}.Release|x64.Build.0 = Release|Any CPU
		{1C79C39E-0899-4CFC-B57D-8643C95FBFD8}.Release|x86.ActiveCfg = Release|Any CPU
		{1C79C39E-0899-4CFC-B57D-8643C95FBFD8}.Release|x86.Build.0 = Release|Any CPU
		{EC2CC403-21C0-4F7C-BCF0-9C6F6CB6BBEB}.Ad-Hoc|Any CPU.ActiveCfg = Debug|Any CPU
		{EC2CC403-21C0-4F7C-BCF0-9C6F6CB6BBEB}.Ad-Hoc|Any CPU.Build.0 = Debug|Any CPU
		{EC2CC403-21C0-4F7C-BCF0-9C6F6CB6BBEB}.Ad-Hoc|ARM.ActiveCfg = Debug|Any CPU
		{EC2CC403-21C0-4F7C-BCF0-9C6F6CB6BBEB}.Ad-Hoc|ARM.Build.0 = Debug|Any CPU
		{EC2CC403-21C0-4F7C-BCF0-9C6F6CB6BBEB}.Ad-Hoc|iPhone.ActiveCfg = Debug|Any CPU
		{EC2CC403-21C0-4F7C-BCF0-9C6F6CB6BBEB}.Ad-Hoc|iPhone.Build.0 = Debug|Any CPU
		{EC2CC403-21C0-4F7C-BCF0-9C6F6CB6BBEB}.Ad-Hoc|iPhoneSimulator.ActiveCfg = Debug|Any CPU
		{EC2CC403-21C0-4F7C-BCF0-9C6F6CB6BBEB}.Ad-Hoc|iPhoneSimulator.Build.0 = Debug|Any CPU
		{EC2CC403-21C0-4F7C-BCF0-9C6F6CB6BBEB}.Ad-Hoc|x64.ActiveCfg = Debug|Any CPU
		{EC2CC403-21C0-4F7C-BCF0-9C6F6CB6BBEB}.Ad-Hoc|x64.Build.0 = Debug|Any CPU
		{EC2CC403-21C0-4F7C-BCF0-9C6F6CB6BBEB}.Ad-Hoc|x86.ActiveCfg = Debug|Any CPU
		{EC2CC403-21C0-4F7C-BCF0-9C6F6CB6BBEB}.Ad-Hoc|x86.Build.0 = Debug|Any CPU
		{EC2CC403-21C0-4F7C-BCF0-9C6F6CB6BBEB}.AppStore|Any CPU.ActiveCfg = Debug|Any CPU
		{EC2CC403-21C0-4F7C-BCF0-9C6F6CB6BBEB}.AppStore|Any CPU.Build.0 = Debug|Any CPU
		{EC2CC403-21C0-4F7C-BCF0-9C6F6CB6BBEB}.AppStore|ARM.ActiveCfg = Debug|Any CPU
		{EC2CC403-21C0-4F7C-BCF0-9C6F6CB6BBEB}.AppStore|ARM.Build.0 = Debug|Any CPU
		{EC2CC403-21C0-4F7C-BCF0-9C6F6CB6BBEB}.AppStore|iPhone.ActiveCfg = Debug|Any CPU
		{EC2CC403-21C0-4F7C-BCF0-9C6F6CB6BBEB}.AppStore|iPhone.Build.0 = Debug|Any CPU
		{EC2CC403-21C0-4F7C-BCF0-9C6F6CB6BBEB}.AppStore|iPhoneSimulator.ActiveCfg = Debug|Any CPU
		{EC2CC403-21C0-4F7C-BCF0-9C6F6CB6BBEB}.AppStore|iPhoneSimulator.Build.0 = Debug|Any CPU
		{EC2CC403-21C0-4F7C-BCF0-9C6F6CB6BBEB}.AppStore|x64.ActiveCfg = Debug|Any CPU
		{EC2CC403-21C0-4F7C-BCF0-9C6F6CB6BBEB}.AppStore|x64.Build.0 = Debug|Any CPU
		{EC2CC403-21C0-4F7C-BCF0-9C6F6CB6BBEB}.AppStore|x86.ActiveCfg = Debug|Any CPU
		{EC2CC403-21C0-4F7C-BCF0-9C6F6CB6BBEB}.AppStore|x86.Build.0 = Debug|Any CPU
		{EC2CC403-21C0-4F7C-BCF0-9C6F6CB6BBEB}.Debug|Any CPU.ActiveCfg = Debug|Any CPU
		{EC2CC403-21C0-4F7C-BCF0-9C6F6CB6BBEB}.Debug|Any CPU.Build.0 = Debug|Any CPU
		{EC2CC403-21C0-4F7C-BCF0-9C6F6CB6BBEB}.Debug|ARM.ActiveCfg = Debug|Any CPU
		{EC2CC403-21C0-4F7C-BCF0-9C6F6CB6BBEB}.Debug|ARM.Build.0 = Debug|Any CPU
		{EC2CC403-21C0-4F7C-BCF0-9C6F6CB6BBEB}.Debug|iPhone.ActiveCfg = Debug|Any CPU
		{EC2CC403-21C0-4F7C-BCF0-9C6F6CB6BBEB}.Debug|iPhone.Build.0 = Debug|Any CPU
		{EC2CC403-21C0-4F7C-BCF0-9C6F6CB6BBEB}.Debug|iPhoneSimulator.ActiveCfg = Debug|Any CPU
		{EC2CC403-21C0-4F7C-BCF0-9C6F6CB6BBEB}.Debug|iPhoneSimulator.Build.0 = Debug|Any CPU
		{EC2CC403-21C0-4F7C-BCF0-9C6F6CB6BBEB}.Debug|x64.ActiveCfg = Debug|Any CPU
		{EC2CC403-21C0-4F7C-BCF0-9C6F6CB6BBEB}.Debug|x64.Build.0 = Debug|Any CPU
		{EC2CC403-21C0-4F7C-BCF0-9C6F6CB6BBEB}.Debug|x86.ActiveCfg = Debug|Any CPU
		{EC2CC403-21C0-4F7C-BCF0-9C6F6CB6BBEB}.Debug|x86.Build.0 = Debug|Any CPU
		{EC2CC403-21C0-4F7C-BCF0-9C6F6CB6BBEB}.Release|Any CPU.ActiveCfg = Release|Any CPU
		{EC2CC403-21C0-4F7C-BCF0-9C6F6CB6BBEB}.Release|Any CPU.Build.0 = Release|Any CPU
		{EC2CC403-21C0-4F7C-BCF0-9C6F6CB6BBEB}.Release|ARM.ActiveCfg = Release|Any CPU
		{EC2CC403-21C0-4F7C-BCF0-9C6F6CB6BBEB}.Release|ARM.Build.0 = Release|Any CPU
		{EC2CC403-21C0-4F7C-BCF0-9C6F6CB6BBEB}.Release|iPhone.ActiveCfg = Release|Any CPU
		{EC2CC403-21C0-4F7C-BCF0-9C6F6CB6BBEB}.Release|iPhone.Build.0 = Release|Any CPU
		{EC2CC403-21C0-4F7C-BCF0-9C6F6CB6BBEB}.Release|iPhoneSimulator.ActiveCfg = Release|Any CPU
		{EC2CC403-21C0-4F7C-BCF0-9C6F6CB6BBEB}.Release|iPhoneSimulator.Build.0 = Release|Any CPU
		{EC2CC403-21C0-4F7C-BCF0-9C6F6CB6BBEB}.Release|x64.ActiveCfg = Release|Any CPU
		{EC2CC403-21C0-4F7C-BCF0-9C6F6CB6BBEB}.Release|x64.Build.0 = Release|Any CPU
		{EC2CC403-21C0-4F7C-BCF0-9C6F6CB6BBEB}.Release|x86.ActiveCfg = Release|Any CPU
		{EC2CC403-21C0-4F7C-BCF0-9C6F6CB6BBEB}.Release|x86.Build.0 = Release|Any CPU
		{5BE67487-0026-4ED6-91D1-EAD9D290779A}.Ad-Hoc|Any CPU.ActiveCfg = Release|Any CPU
		{5BE67487-0026-4ED6-91D1-EAD9D290779A}.Ad-Hoc|Any CPU.Build.0 = Release|Any CPU
		{5BE67487-0026-4ED6-91D1-EAD9D290779A}.Ad-Hoc|Any CPU.Deploy.0 = Release|Any CPU
		{5BE67487-0026-4ED6-91D1-EAD9D290779A}.Ad-Hoc|ARM.ActiveCfg = Release|Any CPU
		{5BE67487-0026-4ED6-91D1-EAD9D290779A}.Ad-Hoc|ARM.Build.0 = Release|Any CPU
		{5BE67487-0026-4ED6-91D1-EAD9D290779A}.Ad-Hoc|ARM.Deploy.0 = Release|Any CPU
		{5BE67487-0026-4ED6-91D1-EAD9D290779A}.Ad-Hoc|iPhone.ActiveCfg = Release|Any CPU
		{5BE67487-0026-4ED6-91D1-EAD9D290779A}.Ad-Hoc|iPhone.Build.0 = Release|Any CPU
		{5BE67487-0026-4ED6-91D1-EAD9D290779A}.Ad-Hoc|iPhone.Deploy.0 = Release|Any CPU
		{5BE67487-0026-4ED6-91D1-EAD9D290779A}.Ad-Hoc|iPhoneSimulator.ActiveCfg = Release|Any CPU
		{5BE67487-0026-4ED6-91D1-EAD9D290779A}.Ad-Hoc|iPhoneSimulator.Build.0 = Release|Any CPU
		{5BE67487-0026-4ED6-91D1-EAD9D290779A}.Ad-Hoc|iPhoneSimulator.Deploy.0 = Release|Any CPU
		{5BE67487-0026-4ED6-91D1-EAD9D290779A}.Ad-Hoc|x64.ActiveCfg = Release|Any CPU
		{5BE67487-0026-4ED6-91D1-EAD9D290779A}.Ad-Hoc|x64.Build.0 = Release|Any CPU
		{5BE67487-0026-4ED6-91D1-EAD9D290779A}.Ad-Hoc|x64.Deploy.0 = Release|Any CPU
		{5BE67487-0026-4ED6-91D1-EAD9D290779A}.Ad-Hoc|x86.ActiveCfg = Release|Any CPU
		{5BE67487-0026-4ED6-91D1-EAD9D290779A}.Ad-Hoc|x86.Build.0 = Release|Any CPU
		{5BE67487-0026-4ED6-91D1-EAD9D290779A}.Ad-Hoc|x86.Deploy.0 = Release|Any CPU
		{5BE67487-0026-4ED6-91D1-EAD9D290779A}.AppStore|Any CPU.ActiveCfg = Release|Any CPU
		{5BE67487-0026-4ED6-91D1-EAD9D290779A}.AppStore|Any CPU.Build.0 = Release|Any CPU
		{5BE67487-0026-4ED6-91D1-EAD9D290779A}.AppStore|Any CPU.Deploy.0 = Release|Any CPU
		{5BE67487-0026-4ED6-91D1-EAD9D290779A}.AppStore|ARM.ActiveCfg = Release|Any CPU
		{5BE67487-0026-4ED6-91D1-EAD9D290779A}.AppStore|ARM.Build.0 = Release|Any CPU
		{5BE67487-0026-4ED6-91D1-EAD9D290779A}.AppStore|ARM.Deploy.0 = Release|Any CPU
		{5BE67487-0026-4ED6-91D1-EAD9D290779A}.AppStore|iPhone.ActiveCfg = Release|Any CPU
		{5BE67487-0026-4ED6-91D1-EAD9D290779A}.AppStore|iPhone.Build.0 = Release|Any CPU
		{5BE67487-0026-4ED6-91D1-EAD9D290779A}.AppStore|iPhone.Deploy.0 = Release|Any CPU
		{5BE67487-0026-4ED6-91D1-EAD9D290779A}.AppStore|iPhoneSimulator.ActiveCfg = Release|Any CPU
		{5BE67487-0026-4ED6-91D1-EAD9D290779A}.AppStore|iPhoneSimulator.Build.0 = Release|Any CPU
		{5BE67487-0026-4ED6-91D1-EAD9D290779A}.AppStore|iPhoneSimulator.Deploy.0 = Release|Any CPU
		{5BE67487-0026-4ED6-91D1-EAD9D290779A}.AppStore|x64.ActiveCfg = Release|Any CPU
		{5BE67487-0026-4ED6-91D1-EAD9D290779A}.AppStore|x64.Build.0 = Release|Any CPU
		{5BE67487-0026-4ED6-91D1-EAD9D290779A}.AppStore|x64.Deploy.0 = Release|Any CPU
		{5BE67487-0026-4ED6-91D1-EAD9D290779A}.AppStore|x86.ActiveCfg = Release|Any CPU
		{5BE67487-0026-4ED6-91D1-EAD9D290779A}.AppStore|x86.Build.0 = Release|Any CPU
		{5BE67487-0026-4ED6-91D1-EAD9D290779A}.AppStore|x86.Deploy.0 = Release|Any CPU
		{5BE67487-0026-4ED6-91D1-EAD9D290779A}.Debug|Any CPU.ActiveCfg = Debug|Any CPU
		{5BE67487-0026-4ED6-91D1-EAD9D290779A}.Debug|Any CPU.Build.0 = Debug|Any CPU
		{5BE67487-0026-4ED6-91D1-EAD9D290779A}.Debug|Any CPU.Deploy.0 = Debug|Any CPU
		{5BE67487-0026-4ED6-91D1-EAD9D290779A}.Debug|ARM.ActiveCfg = Debug|Any CPU
		{5BE67487-0026-4ED6-91D1-EAD9D290779A}.Debug|ARM.Build.0 = Debug|Any CPU
		{5BE67487-0026-4ED6-91D1-EAD9D290779A}.Debug|ARM.Deploy.0 = Debug|Any CPU
		{5BE67487-0026-4ED6-91D1-EAD9D290779A}.Debug|iPhone.ActiveCfg = Debug|Any CPU
		{5BE67487-0026-4ED6-91D1-EAD9D290779A}.Debug|iPhone.Build.0 = Debug|Any CPU
		{5BE67487-0026-4ED6-91D1-EAD9D290779A}.Debug|iPhone.Deploy.0 = Debug|Any CPU
		{5BE67487-0026-4ED6-91D1-EAD9D290779A}.Debug|iPhoneSimulator.ActiveCfg = Debug|Any CPU
		{5BE67487-0026-4ED6-91D1-EAD9D290779A}.Debug|iPhoneSimulator.Build.0 = Debug|Any CPU
		{5BE67487-0026-4ED6-91D1-EAD9D290779A}.Debug|iPhoneSimulator.Deploy.0 = Debug|Any CPU
		{5BE67487-0026-4ED6-91D1-EAD9D290779A}.Debug|x64.ActiveCfg = Debug|Any CPU
		{5BE67487-0026-4ED6-91D1-EAD9D290779A}.Debug|x64.Build.0 = Debug|Any CPU
		{5BE67487-0026-4ED6-91D1-EAD9D290779A}.Debug|x64.Deploy.0 = Debug|Any CPU
		{5BE67487-0026-4ED6-91D1-EAD9D290779A}.Debug|x86.ActiveCfg = Debug|Any CPU
		{5BE67487-0026-4ED6-91D1-EAD9D290779A}.Debug|x86.Build.0 = Debug|Any CPU
		{5BE67487-0026-4ED6-91D1-EAD9D290779A}.Debug|x86.Deploy.0 = Debug|Any CPU
		{5BE67487-0026-4ED6-91D1-EAD9D290779A}.Release|Any CPU.ActiveCfg = Release|Any CPU
		{5BE67487-0026-4ED6-91D1-EAD9D290779A}.Release|Any CPU.Build.0 = Release|Any CPU
		{5BE67487-0026-4ED6-91D1-EAD9D290779A}.Release|Any CPU.Deploy.0 = Release|Any CPU
		{5BE67487-0026-4ED6-91D1-EAD9D290779A}.Release|ARM.ActiveCfg = Release|Any CPU
		{5BE67487-0026-4ED6-91D1-EAD9D290779A}.Release|ARM.Build.0 = Release|Any CPU
		{5BE67487-0026-4ED6-91D1-EAD9D290779A}.Release|ARM.Deploy.0 = Release|Any CPU
		{5BE67487-0026-4ED6-91D1-EAD9D290779A}.Release|iPhone.ActiveCfg = Release|Any CPU
		{5BE67487-0026-4ED6-91D1-EAD9D290779A}.Release|iPhone.Build.0 = Release|Any CPU
		{5BE67487-0026-4ED6-91D1-EAD9D290779A}.Release|iPhone.Deploy.0 = Release|Any CPU
		{5BE67487-0026-4ED6-91D1-EAD9D290779A}.Release|iPhoneSimulator.ActiveCfg = Release|Any CPU
		{5BE67487-0026-4ED6-91D1-EAD9D290779A}.Release|iPhoneSimulator.Build.0 = Release|Any CPU
		{5BE67487-0026-4ED6-91D1-EAD9D290779A}.Release|iPhoneSimulator.Deploy.0 = Release|Any CPU
		{5BE67487-0026-4ED6-91D1-EAD9D290779A}.Release|x64.ActiveCfg = Release|Any CPU
		{5BE67487-0026-4ED6-91D1-EAD9D290779A}.Release|x64.Build.0 = Release|Any CPU
		{5BE67487-0026-4ED6-91D1-EAD9D290779A}.Release|x64.Deploy.0 = Release|Any CPU
		{5BE67487-0026-4ED6-91D1-EAD9D290779A}.Release|x86.ActiveCfg = Release|Any CPU
		{5BE67487-0026-4ED6-91D1-EAD9D290779A}.Release|x86.Build.0 = Release|Any CPU
		{5BE67487-0026-4ED6-91D1-EAD9D290779A}.Release|x86.Deploy.0 = Release|Any CPU
		{ABFC417F-4732-4125-A7E2-B18A38626980}.Ad-Hoc|Any CPU.ActiveCfg = Ad-Hoc|iPhone
		{ABFC417F-4732-4125-A7E2-B18A38626980}.Ad-Hoc|ARM.ActiveCfg = Ad-Hoc|iPhone
		{ABFC417F-4732-4125-A7E2-B18A38626980}.Ad-Hoc|iPhone.ActiveCfg = Ad-Hoc|iPhone
		{ABFC417F-4732-4125-A7E2-B18A38626980}.Ad-Hoc|iPhone.Build.0 = Ad-Hoc|iPhone
		{ABFC417F-4732-4125-A7E2-B18A38626980}.Ad-Hoc|iPhoneSimulator.ActiveCfg = Ad-Hoc|iPhoneSimulator
		{ABFC417F-4732-4125-A7E2-B18A38626980}.Ad-Hoc|iPhoneSimulator.Build.0 = Ad-Hoc|iPhoneSimulator
		{ABFC417F-4732-4125-A7E2-B18A38626980}.Ad-Hoc|x64.ActiveCfg = Ad-Hoc|iPhone
		{ABFC417F-4732-4125-A7E2-B18A38626980}.Ad-Hoc|x86.ActiveCfg = Ad-Hoc|iPhone
		{ABFC417F-4732-4125-A7E2-B18A38626980}.AppStore|Any CPU.ActiveCfg = AppStore|iPhone
		{ABFC417F-4732-4125-A7E2-B18A38626980}.AppStore|ARM.ActiveCfg = AppStore|iPhone
		{ABFC417F-4732-4125-A7E2-B18A38626980}.AppStore|iPhone.ActiveCfg = AppStore|iPhone
		{ABFC417F-4732-4125-A7E2-B18A38626980}.AppStore|iPhone.Build.0 = AppStore|iPhone
		{ABFC417F-4732-4125-A7E2-B18A38626980}.AppStore|iPhoneSimulator.ActiveCfg = AppStore|iPhoneSimulator
		{ABFC417F-4732-4125-A7E2-B18A38626980}.AppStore|iPhoneSimulator.Build.0 = AppStore|iPhoneSimulator
		{ABFC417F-4732-4125-A7E2-B18A38626980}.AppStore|x64.ActiveCfg = AppStore|iPhone
		{ABFC417F-4732-4125-A7E2-B18A38626980}.AppStore|x86.ActiveCfg = AppStore|iPhone
		{ABFC417F-4732-4125-A7E2-B18A38626980}.Debug|Any CPU.ActiveCfg = Debug|iPhone
		{ABFC417F-4732-4125-A7E2-B18A38626980}.Debug|ARM.ActiveCfg = Debug|iPhone
		{ABFC417F-4732-4125-A7E2-B18A38626980}.Debug|iPhone.ActiveCfg = Debug|iPhone
		{ABFC417F-4732-4125-A7E2-B18A38626980}.Debug|iPhone.Build.0 = Debug|iPhone
		{ABFC417F-4732-4125-A7E2-B18A38626980}.Debug|iPhoneSimulator.ActiveCfg = Debug|iPhoneSimulator
		{ABFC417F-4732-4125-A7E2-B18A38626980}.Debug|iPhoneSimulator.Build.0 = Debug|iPhoneSimulator
		{ABFC417F-4732-4125-A7E2-B18A38626980}.Debug|x64.ActiveCfg = Debug|iPhone
		{ABFC417F-4732-4125-A7E2-B18A38626980}.Debug|x86.ActiveCfg = Debug|iPhone
		{ABFC417F-4732-4125-A7E2-B18A38626980}.Release|Any CPU.ActiveCfg = Release|iPhone
		{ABFC417F-4732-4125-A7E2-B18A38626980}.Release|ARM.ActiveCfg = Release|iPhone
		{ABFC417F-4732-4125-A7E2-B18A38626980}.Release|iPhone.ActiveCfg = Release|iPhone
		{ABFC417F-4732-4125-A7E2-B18A38626980}.Release|iPhone.Build.0 = Release|iPhone
		{ABFC417F-4732-4125-A7E2-B18A38626980}.Release|iPhoneSimulator.ActiveCfg = Release|iPhoneSimulator
		{ABFC417F-4732-4125-A7E2-B18A38626980}.Release|iPhoneSimulator.Build.0 = Release|iPhoneSimulator
		{ABFC417F-4732-4125-A7E2-B18A38626980}.Release|x64.ActiveCfg = Release|iPhone
		{ABFC417F-4732-4125-A7E2-B18A38626980}.Release|x86.ActiveCfg = Release|iPhone
		{09E41EB2-971C-46F7-A03A-B5724FE0B29D}.Ad-Hoc|Any CPU.ActiveCfg = Release|x86
		{09E41EB2-971C-46F7-A03A-B5724FE0B29D}.Ad-Hoc|Any CPU.Build.0 = Release|x86
		{09E41EB2-971C-46F7-A03A-B5724FE0B29D}.Ad-Hoc|Any CPU.Deploy.0 = Release|x86
		{09E41EB2-971C-46F7-A03A-B5724FE0B29D}.Ad-Hoc|ARM.ActiveCfg = Release|ARM
		{09E41EB2-971C-46F7-A03A-B5724FE0B29D}.Ad-Hoc|ARM.Build.0 = Release|ARM
		{09E41EB2-971C-46F7-A03A-B5724FE0B29D}.Ad-Hoc|ARM.Deploy.0 = Release|ARM
		{09E41EB2-971C-46F7-A03A-B5724FE0B29D}.Ad-Hoc|iPhone.ActiveCfg = Release|x86
		{09E41EB2-971C-46F7-A03A-B5724FE0B29D}.Ad-Hoc|iPhone.Build.0 = Release|x86
		{09E41EB2-971C-46F7-A03A-B5724FE0B29D}.Ad-Hoc|iPhone.Deploy.0 = Release|x86
		{09E41EB2-971C-46F7-A03A-B5724FE0B29D}.Ad-Hoc|iPhoneSimulator.ActiveCfg = Release|x86
		{09E41EB2-971C-46F7-A03A-B5724FE0B29D}.Ad-Hoc|iPhoneSimulator.Build.0 = Release|x86
		{09E41EB2-971C-46F7-A03A-B5724FE0B29D}.Ad-Hoc|iPhoneSimulator.Deploy.0 = Release|x86
		{09E41EB2-971C-46F7-A03A-B5724FE0B29D}.Ad-Hoc|x64.ActiveCfg = Release|x64
		{09E41EB2-971C-46F7-A03A-B5724FE0B29D}.Ad-Hoc|x64.Build.0 = Release|x64
		{09E41EB2-971C-46F7-A03A-B5724FE0B29D}.Ad-Hoc|x64.Deploy.0 = Release|x64
		{09E41EB2-971C-46F7-A03A-B5724FE0B29D}.Ad-Hoc|x86.ActiveCfg = Release|x86
		{09E41EB2-971C-46F7-A03A-B5724FE0B29D}.Ad-Hoc|x86.Build.0 = Release|x86
		{09E41EB2-971C-46F7-A03A-B5724FE0B29D}.Ad-Hoc|x86.Deploy.0 = Release|x86
		{09E41EB2-971C-46F7-A03A-B5724FE0B29D}.AppStore|Any CPU.ActiveCfg = Release|x86
		{09E41EB2-971C-46F7-A03A-B5724FE0B29D}.AppStore|Any CPU.Build.0 = Release|x86
		{09E41EB2-971C-46F7-A03A-B5724FE0B29D}.AppStore|Any CPU.Deploy.0 = Release|x86
		{09E41EB2-971C-46F7-A03A-B5724FE0B29D}.AppStore|ARM.ActiveCfg = Release|ARM
		{09E41EB2-971C-46F7-A03A-B5724FE0B29D}.AppStore|ARM.Build.0 = Release|ARM
		{09E41EB2-971C-46F7-A03A-B5724FE0B29D}.AppStore|ARM.Deploy.0 = Release|ARM
		{09E41EB2-971C-46F7-A03A-B5724FE0B29D}.AppStore|iPhone.ActiveCfg = Release|x86
		{09E41EB2-971C-46F7-A03A-B5724FE0B29D}.AppStore|iPhone.Build.0 = Release|x86
		{09E41EB2-971C-46F7-A03A-B5724FE0B29D}.AppStore|iPhone.Deploy.0 = Release|x86
		{09E41EB2-971C-46F7-A03A-B5724FE0B29D}.AppStore|iPhoneSimulator.ActiveCfg = Release|x86
		{09E41EB2-971C-46F7-A03A-B5724FE0B29D}.AppStore|iPhoneSimulator.Build.0 = Release|x86
		{09E41EB2-971C-46F7-A03A-B5724FE0B29D}.AppStore|iPhoneSimulator.Deploy.0 = Release|x86
		{09E41EB2-971C-46F7-A03A-B5724FE0B29D}.AppStore|x64.ActiveCfg = Release|x64
		{09E41EB2-971C-46F7-A03A-B5724FE0B29D}.AppStore|x64.Build.0 = Release|x64
		{09E41EB2-971C-46F7-A03A-B5724FE0B29D}.AppStore|x64.Deploy.0 = Release|x64
		{09E41EB2-971C-46F7-A03A-B5724FE0B29D}.AppStore|x86.ActiveCfg = Release|x86
		{09E41EB2-971C-46F7-A03A-B5724FE0B29D}.AppStore|x86.Build.0 = Release|x86
		{09E41EB2-971C-46F7-A03A-B5724FE0B29D}.AppStore|x86.Deploy.0 = Release|x86
		{09E41EB2-971C-46F7-A03A-B5724FE0B29D}.Debug|Any CPU.ActiveCfg = Debug|x86
		{09E41EB2-971C-46F7-A03A-B5724FE0B29D}.Debug|ARM.ActiveCfg = Debug|ARM
		{09E41EB2-971C-46F7-A03A-B5724FE0B29D}.Debug|ARM.Build.0 = Debug|ARM
		{09E41EB2-971C-46F7-A03A-B5724FE0B29D}.Debug|ARM.Deploy.0 = Debug|ARM
		{09E41EB2-971C-46F7-A03A-B5724FE0B29D}.Debug|iPhone.ActiveCfg = Debug|x86
		{09E41EB2-971C-46F7-A03A-B5724FE0B29D}.Debug|iPhoneSimulator.ActiveCfg = Debug|x86
		{09E41EB2-971C-46F7-A03A-B5724FE0B29D}.Debug|x64.ActiveCfg = Debug|x64
		{09E41EB2-971C-46F7-A03A-B5724FE0B29D}.Debug|x64.Build.0 = Debug|x64
		{09E41EB2-971C-46F7-A03A-B5724FE0B29D}.Debug|x64.Deploy.0 = Debug|x64
		{09E41EB2-971C-46F7-A03A-B5724FE0B29D}.Debug|x86.ActiveCfg = Debug|x86
		{09E41EB2-971C-46F7-A03A-B5724FE0B29D}.Debug|x86.Build.0 = Debug|x86
		{09E41EB2-971C-46F7-A03A-B5724FE0B29D}.Debug|x86.Deploy.0 = Debug|x86
		{09E41EB2-971C-46F7-A03A-B5724FE0B29D}.Release|Any CPU.ActiveCfg = Release|x86
		{09E41EB2-971C-46F7-A03A-B5724FE0B29D}.Release|ARM.ActiveCfg = Release|ARM
		{09E41EB2-971C-46F7-A03A-B5724FE0B29D}.Release|ARM.Build.0 = Release|ARM
		{09E41EB2-971C-46F7-A03A-B5724FE0B29D}.Release|ARM.Deploy.0 = Release|ARM
		{09E41EB2-971C-46F7-A03A-B5724FE0B29D}.Release|iPhone.ActiveCfg = Release|x86
		{09E41EB2-971C-46F7-A03A-B5724FE0B29D}.Release|iPhoneSimulator.ActiveCfg = Release|x86
		{09E41EB2-971C-46F7-A03A-B5724FE0B29D}.Release|x64.ActiveCfg = Release|x64
		{09E41EB2-971C-46F7-A03A-B5724FE0B29D}.Release|x64.Build.0 = Release|x64
		{09E41EB2-971C-46F7-A03A-B5724FE0B29D}.Release|x64.Deploy.0 = Release|x64
		{09E41EB2-971C-46F7-A03A-B5724FE0B29D}.Release|x86.ActiveCfg = Release|x86
		{09E41EB2-971C-46F7-A03A-B5724FE0B29D}.Release|x86.Build.0 = Release|x86
		{09E41EB2-971C-46F7-A03A-B5724FE0B29D}.Release|x86.Deploy.0 = Release|x86
	EndGlobalSection
	GlobalSection(SolutionProperties) = preSolution
		HideSolutionNode = FALSE
	EndGlobalSection
	GlobalSection(NestedProjects) = preSolution
		{DF400D49-8A87-4FCF-8EA8-D6DA0F32F757} = {D10C6C92-628C-4ED1-A9F5-BFCA43DAA14E}
		{BD65FF1E-B18C-45DA-B4CD-6C7D0210FF0D} = {FFA452FD-98C0-4D31-8F18-96AEBF9CBB1A}
		{7FD8EC0F-B9E7-4457-81AB-0B55B0225A2C} = {D10C6C92-628C-4ED1-A9F5-BFCA43DAA14E}
		{24D61769-F8EE-4DE5-BADE-0C13C1DF4381} = {FFA452FD-98C0-4D31-8F18-96AEBF9CBB1A}
		{1C79C39E-0899-4CFC-B57D-8643C95FBFD8} = {24D61769-F8EE-4DE5-BADE-0C13C1DF4381}
		{EC2CC403-21C0-4F7C-BCF0-9C6F6CB6BBEB} = {BD65FF1E-B18C-45DA-B4CD-6C7D0210FF0D}
		{5BE67487-0026-4ED6-91D1-EAD9D290779A} = {BD65FF1E-B18C-45DA-B4CD-6C7D0210FF0D}
		{ABFC417F-4732-4125-A7E2-B18A38626980} = {BD65FF1E-B18C-45DA-B4CD-6C7D0210FF0D}
		{09E41EB2-971C-46F7-A03A-B5724FE0B29D} = {BD65FF1E-B18C-45DA-B4CD-6C7D0210FF0D}
	EndGlobalSection
	GlobalSection(ExtensibilityGlobals) = postSolution
		SolutionGuid = {3AACD906-B2C4-4982-9C2A-267A6CCF4A8F}
	EndGlobalSection
EndGlobal
